{
  "nodes": {
    "nixpkgs": {
      "locked": {
        "lastModified": 1785454630,
        "narHash": "sha256-LQy14TZp77TwbQf40gg1V3jo8FwJG0jGDkAH+zRHqg8=",
        "owner": "NixOS",
        "repo": "nixpkgs",
        "rev": "1559d3daa3ecc813a650b79375ea61b6741b8746",
        "type": "github"
      },
      "original": {
        "owner": "NixOS",
        "ref": "nixos-unstable",
        "repo": "nixpkgs",
        "type": "github"
      }
    },
    "root": {
      "inputs": {
        "nixpkgs": "nixpkgs",
        "spotx-bash": "spotx-bash"
      }
    },
    "spotx-bash": {
      "flake": false,
      "locked": {
        "lastModified": 1785353934,
        "narHash": "sha256-uQHYVrp1N/w4gKz5Magz3tvZBXttswDedF1wTwNdZuQ=",
        "owner": "SpotX-Official",
        "repo": "SpotX-Bash",
        "rev": "03207b611740fc889d050d7a2dbd3bdddd30bd98",
        "type": "github"
      },
      "original": {
        "owner": "SpotX-Official",
        "repo": "SpotX-Bash",
        "type": "github"
      }
    }
  },
  "root": "root",
  "version": 7
}
