{
  "nodes": {
    "nixpkgs": {
      "locked": {
        "lastModified": 1789006805,
        "narHash": "sha256-xB8mKMOx1IA9vTDNLmJZ6n4wCMq/cuWBBOzGCRnqxrU=",
        "owner": "NixOS",
        "repo": "nixpkgs",
        "rev": "8ce4ef6cb6f871616146b9fe26d2a5ae594e94fe",
        "type": "github"
      },
      "original": {
        "owner": "NixOS",
        "ref": "nixos-unstable",
        "repo": "nixpkgs",
        "type": "github"
      }
    },
    "root": {
      "inputs": {
        "nixpkgs": "nixpkgs",
        "spotx-bash": "spotx-bash"
      }
    },
    "spotx-bash": {
      "flake": false,
      "locked": {
        "lastModified": 1788974455,
        "narHash": "sha256-49LZP11UYEXZfHPUItdwkbLR4R3vsFwGOfEPmxsfQy8=",
        "owner": "SpotX-Official",
        "repo": "SpotX-Bash",
        "rev": "db17e72f504315f8c259ef9a4b1717774874e499",
        "type": "github"
      },
      "original": {
        "owner": "SpotX-Official",
        "repo": "SpotX-Bash",
        "type": "github"
      }
    }
  },
  "root": "root",
  "version": 7
}
