{
  "nodes": {
    "nixpkgs": {
      "locked": {
        "lastModified": 1789546076,
        "narHash": "sha256-zVxLZiSnmaaPLwnhj7pwmqe3axBg/C6nG5JZsJMh2g4=",
        "owner": "NixOS",
        "repo": "nixpkgs",
        "rev": "b1b875982b17dabde9b4a37f3e229e74913e6db3",
        "type": "github"
      },
      "original": {
        "owner": "NixOS",
        "ref": "nixos-unstable",
        "repo": "nixpkgs",
        "type": "github"
      }
    },
    "root": {
      "inputs": {
        "nixpkgs": "nixpkgs",
        "spotx-bash": "spotx-bash"
      }
    },
    "spotx-bash": {
      "flake": false,
      "locked": {
        "lastModified": 1789407112,
        "narHash": "sha256-zCd2ISpasxKORC8N8NaSTFeKbg1IbGO5lTdIwYq/xHg=",
        "owner": "SpotX-Official",
        "repo": "SpotX-Bash",
        "rev": "6b38c19aa29e479cfc7bfee105bac2d861b5ce28",
        "type": "github"
      },
      "original": {
        "owner": "SpotX-Official",
        "repo": "SpotX-Bash",
        "type": "github"
      }
    }
  },
  "root": "root",
  "version": 7
}
